NeoBundleLock unite.vim d55a26affd719585b500413ec80126ee7ab2ab1f
NeoBundleLock vim-trailing-whitespace d4ad27de051848e544e360482bdf076b154de0c1
NeoBundleLock vim-tomorrow-theme f45a2ca260d825b6aee72621f8f6158d815ac472
NeoBundleLock vim-surround fa433e0b7330753688f715f3be5d10dc480f20e5
NeoBundleLock tcomment_vim 16f4229c32c00c0d55236cb52c34c1e7cb2a2ec3
NeoBundleLock vim-fugitive 2c8461db084d205903a792a23163faa546f143c9
NeoBundleLock vim-endwise 96eb11755bb2d1a5583d44e9bcd10481bca45693
NeoBundleLock nerdtree 3b98a7fcae8f9fff356907171f0406ff8cd28921
NeoBundleLock vim-indent-guides eec1b629dc4cfa3986d20f21d4b4489732cd3f5a
NeoBundleLock vim-less 9426a5168acbc12a5dd8f3b01acff59db6ba36e1
NeoBundleLock AnsiEsc.vim d2bb7878622e4c16203acf1c92a0f4bc7ac58003
NeoBundleLock vim-rails f7d264fc27b3dfcbc54f8b16f3ae6aea4f92ee4c
NeoBundleLock vim-hybrid 471b235306b94850a3c6b1d2d9e5203e9919c15e
NeoBundleLock neobundle.vim a4c2ce81f007144e34a7064325d55b94beb04f0d
NeoBundleLock neomru.vim 7df9999b841228661ff73909c5b9e34952331e22
