NeoBundleLock AnsiEsc.vim e68bff70a0f88ab22fa2c8ff56f4d9e9db6bd86a
NeoBundleLock neobundle.vim 849487832fb2f3f76d2031bb439148d4bb85595d
NeoBundleLock neomru.vim e68bff70a0f88ab22fa2c8ff56f4d9e9db6bd86a
NeoBundleLock nerdtree e68bff70a0f88ab22fa2c8ff56f4d9e9db6bd86a
NeoBundleLock tcomment_vim e68bff70a0f88ab22fa2c8ff56f4d9e9db6bd86a
NeoBundleLock unite.vim e68bff70a0f88ab22fa2c8ff56f4d9e9db6bd86a
NeoBundleLock vim-endwise e68bff70a0f88ab22fa2c8ff56f4d9e9db6bd86a
NeoBundleLock vim-fugitive e68bff70a0f88ab22fa2c8ff56f4d9e9db6bd86a
NeoBundleLock vim-hybrid e68bff70a0f88ab22fa2c8ff56f4d9e9db6bd86a
NeoBundleLock vim-indent-guides e68bff70a0f88ab22fa2c8ff56f4d9e9db6bd86a
NeoBundleLock vim-less e68bff70a0f88ab22fa2c8ff56f4d9e9db6bd86a
NeoBundleLock vim-rails e68bff70a0f88ab22fa2c8ff56f4d9e9db6bd86a
NeoBundleLock vim-surround e68bff70a0f88ab22fa2c8ff56f4d9e9db6bd86a
NeoBundleLock vim-tomorrow-theme e68bff70a0f88ab22fa2c8ff56f4d9e9db6bd86a
NeoBundleLock vim-trailing-whitespace e68bff70a0f88ab22fa2c8ff56f4d9e9db6bd86a
