NeoBundleLock AnsiEsc.vim d2bb7878622e4c16203acf1c92a0f4bc7ac58003
NeoBundleLock neobundle.vim be47c712c78da19ae3172255fe7f1fa6303b6577
NeoBundleLock neomru.vim a52b644475156d397117b2e7920849fb9f1c8901
NeoBundleLock nerdtree bcf3de4fdffae45fc7c85b6b84a01b37177924aa
NeoBundleLock tcomment_vim 0e4bb54dbd0a345133182e9f3199eb8860abf5d1
NeoBundleLock unite.vim f1aa053aae95e0185c5c9667ecd938c4fc37c2c7
NeoBundleLock vim-endwise f06abe3d6eca6f6ebfc31ea3163a51575f450df6
NeoBundleLock vim-fugitive b319b694539017dcd789dc2c42f784a30d7b28b8
NeoBundleLock vim-hybrid 75184dacef65991590514afca2943ad375d10dd3
NeoBundleLock vim-indent-guides 4895e860258cd24c975255ef459af4b956107557
NeoBundleLock vim-less 9426a5168acbc12a5dd8f3b01acff59db6ba36e1
NeoBundleLock vim-rails f694d6213b2e3113ec5e45198603dd3a15373f01
NeoBundleLock vim-surround 2d05440ad23f97a7874ebd9b5de3a0e65d25d85c
NeoBundleLock vim-tomorrow-theme f45a2ca260d825b6aee72621f8f6158d815ac472
NeoBundleLock vim-trailing-whitespace 478b217d299b6f5938b43a4929d6bb0907cc3a56
